
Microsoft Visual Studio Solution File, Format Version 12.00
# Visual Studio Version 17
VisualStudioVersion = 17.11.35327.3
MinimumVisualStudioVersion = 10.0.40219.1
Project("{FAE04EC0-301F-11D3-BF4B-00C04F79EFBC}") = "linkedlist and generics", "linkedlist and generics\linkedlist and generics.csproj", "{C21B5584-903F-45D6-B444-9727D14D08C1}"
EndProject
Global
	GlobalSection(SolutionConfigurationPlatforms) = preSolution
		Debug|Any CPU = Debug|Any CPU
		Release|Any CPU = Release|Any CPU
	EndGlobalSection
	GlobalSection(ProjectConfigurationPlatforms) = postSolution
		{C21B5584-903F-45D6-B444-9727D14D08C1}.Debug|Any CPU.ActiveCfg = Debug|Any CPU
		{C21B5584-903F-45D6-B444-9727D14D08C1}.Debug|Any CPU.Build.0 = Debug|Any CPU
		{C21B5584-903F-45D6-B444-9727D14D08C1}.Release|Any CPU.ActiveCfg = Release|Any CPU
		{C21B5584-903F-45D6-B444-9727D14D08C1}.Release|Any CPU.Build.0 = Release|Any CPU
	EndGlobalSection
	GlobalSection(SolutionProperties) = preSolution
		HideSolutionNode = FALSE
	EndGlobalSection
	GlobalSection(ExtensibilityGlobals) = postSolution
		SolutionGuid = {8BD64FBD-F00F-464F-A4F6-D9F985734C7F}
	EndGlobalSection
EndGlobal
